// !$*UTF8*$!
{
	archiveVersion = 1;
	classes = {
	};
	objectVersion = 55;
	objects = {

/* Begin PBXBuildFile section */
		2C193FBB27344FB000C6A079 /* AppDelegate.swift in Sources */ = {isa = PBXBuildFile; fileRef = 2C193FBA27344FB000C6A079 /* AppDelegate.swift */; };
		2C193FBD27344FB000C6A079 /* SceneDelegate.swift in Sources */ = {isa = PBXBuildFile; fileRef = 2C193FBC27344FB000C6A079 /* SceneDelegate.swift */; };
		2C193FBF27344FB000C6A079 /* ViewController.swift in Sources */ = {isa = PBXBuildFile; fileRef = 2C193FBE27344FB000C6A079 /* ViewController.swift */; };
		2C193FC227344FB000C6A079 /* Main.storyboard in Resources */ = {isa = PBXBuildFile; fileRef = 2C193FC027344FB000C6A079 /* Main.storyboard */; };
		2C193FC427344FB300C6A079 /* Assets.xcassets in Resources */ = {isa = PBXBuildFile; fileRef = 2C193FC327344FB300C6A079 /* Assets.xcassets */; };
		2C193FC727344FB300C6A079 /* LaunchScreen.storyboard in Resources */ = {isa = PBXBuildFile; fileRef = 2C193FC527344FB300C6A079 /* LaunchScreen.storyboard */; };
		2C193FD227344FB300C6A079 /* healthkitDisplayTests.swift in Sources */ = {isa = PBXBuildFile; fileRef = 2C193FD127344FB300C6A079 /* healthkitDisplayTests.swift */; };
		2C193FDC27344FB300C6A079 /* healthkitDisplayUITests.swift in Sources */ = {isa = PBXBuildFile; fileRef = 2C193FDB27344FB300C6A079 /* healthkitDisplayUITests.swift */; };
		2C193FDE27344FB300C6A079 /* healthkitDisplayUITestsLaunchTests.swift in Sources */ = {isa = PBXBuildFile; fileRef = 2C193FDD27344FB300C6A079 /* healthkitDisplayUITestsLaunchTests.swift */; };
		2C193FED273451B600C6A079 /* HealthKit.framework in Frameworks */ = {isa = PBXBuildFile; fileRef = 2C193FEC273451B600C6A079 /* HealthKit.framework */; };
/* End PBXBuildFile section */

/* Begin PBXContainerItemProxy section */
		2C193FCE27344FB300C6A079 /* PBXContainerItemProxy */ = {
			isa = PBXContainerItemProxy;
			containerPortal = 2C193FAF27344FAF00C6A079 /* Project object */;
			proxyType = 1;
			remoteGlobalIDString = 2C193FB627344FB000C6A079;
			remoteInfo = healthkitDisplay;
		};
		2C193FD827344FB300C6A079 /* PBXContainerItemProxy */ = {
			isa = PBXContainerItemProxy;
			containerPortal = 2C193FAF27344FAF00C6A079 /* Project object */;
			proxyType = 1;
			remoteGlobalIDString = 2C193FB627344FB000C6A079;
			remoteInfo = healthkitDisplay;
		};
/* End PBXContainerItemProxy section */

/* Begin PBXFileReference section */
		2C193FB727344FB000C6A079 /* healthkitDisplay.app */ = {isa = PBXFileReference; explicitFileType = wrapper.application; includeInIndex = 0; path = healthkitDisplay.app; sourceTree = BUILT_PRODUCTS_DIR; };
		2C193FBA27344FB000C6A079 /* AppDelegate.swift */ = {isa = PBXFileReference; lastKnownFileType = sourcecode.swift; path = AppDelegate.swift; sourceTree = "<group>"; };
		2C193FBC27344FB000C6A079 /* SceneDelegate.swift */ = {isa = PBXFileReference; lastKnownFileType = sourcecode.swift; path = SceneDelegate.swift; sourceTree = "<group>"; };
		2C193FBE27344FB000C6A079 /* ViewController.swift */ = {isa = PBXFileReference; lastKnownFileType = sourcecode.swift; path = ViewController.swift; sourceTree = "<group>"; };
		2C193FC127344FB000C6A079 /* Base */ = {isa = PBXFileReference; lastKnownFileType = file.storyboard; name = Base; path = Base.lproj/Main.storyboard; sourceTree = "<group>"; };
		2C193FC327344FB300C6A079 /* Assets.xcassets */ = {isa = PBXFileReference; lastKnownFileType = folder.assetcatalog; path = Assets.xcassets; sourceTree = "<group>"; };
		2C193FC627344FB300C6A079 /* Base */ = {isa = PBXFileReference; lastKnownFileType = file.storyboard; name = Base; path = Base.lproj/LaunchScreen.storyboard; sourceTree = "<group>"; };
		2C193FC827344FB300C6A079 /* Info.plist */ = {isa = PBXFileReference; lastKnownFileType = text.plist.xml; path = Info.plist; sourceTree = "<group>"; };
		2C193FCD27344FB300C6A079 /* healthkitDisplayTests.xctest */ = {isa = PBXFileReference; explicitFileType = wrapper.cfbundle; includeInIndex = 0; path = healthkitDisplayTests.xctest; sourceTree = BUILT_PRODUCTS_DIR; };
		2C193FD127344FB300C6A079 /* healthkitDisplayTests.swift */ = {isa = PBXFileReference; lastKnownFileType = sourcecode.swift; path = healthkitDisplayTests.swift; sourceTree = "<group>"; };
		2C193FD727344FB300C6A079 /* healthkitDisplayUITests.xctest */ = {isa = PBXFileReference; explicitFileType = wrapper.cfbundle; includeInIndex = 0; path = healthkitDisplayUITests.xctest; sourceTree = BUILT_PRODUCTS_DIR; };
		2C193FDB27344FB300C6A079 /* healthkitDisplayUITests.swift */ = {isa = PBXFileReference; lastKnownFileType = sourcecode.swift; path = healthkitDisplayUITests.swift; sourceTree = "<group>"; };
		2C193FDD27344FB300C6A079 /* healthkitDisplayUITestsLaunchTests.swift */ = {isa = PBXFileReference; lastKnownFileType = sourcecode.swift; path = healthkitDisplayUITestsLaunchTests.swift; sourceTree = "<group>"; };
		2C193FEA273451B500C6A079 /* healthkitDisplay.entitlements */ = {isa = PBXFileReference; lastKnownFileType = text.plist.entitlements; path = healthkitDisplay.entitlements; sourceTree = "<group>"; };
		2C193FEC273451B600C6A079 /* HealthKit.framework */ = {isa = PBXFileReference; lastKnownFileType = wrapper.framework; name = HealthKit.framework; path = System/Library/Frameworks/HealthKit.framework; sourceTree = SDKROOT; };
/* End PBXFileReference section */

/* Begin PBXFrameworksBuildPhase section */
		2C193FB427344FB000C6A079 /* Frameworks */ = {
			isa = PBXFrameworksBuildPhase;
			buildActionMask = 2147483647;
			files = (
				2C193FED273451B600C6A079 /* HealthKit.framework in Frameworks */,
			);
			runOnlyForDeploymentPostprocessing = 0;
		};
		2C193FCA27344FB300C6A079 /* Frameworks */ = {
			isa = PBXFrameworksBuildPhase;
			buildActionMask = 2147483647;
			files = (
			);
			runOnlyForDeploymentPostprocessing = 0;
		};
		2C193FD427344FB300C6A079 /* Frameworks */ = {
			isa = PBXFrameworksBuildPhase;
			buildActionMask = 2147483647;
			files = (
			);
			runOnlyForDeploymentPostprocessing = 0;
		};
/* End PBXFrameworksBuildPhase section */

/* Begin PBXGroup section */
		2C193FAE27344FAF00C6A079 = {
			isa = PBXGroup;
			children = (
				2C193FB927344FB000C6A079 /* healthkitDisplay */,
				2C193FD027344FB300C6A079 /* healthkitDisplayTests */,
				2C193FDA27344FB300C6A079 /* healthkitDisplayUITests */,
				2C193FB827344FB000C6A079 /* Products */,
				2C193FEB273451B600C6A079 /* Frameworks */,
			);
			sourceTree = "<group>";
		};
		2C193FB827344FB000C6A079 /* Products */ = {
			isa = PBXGroup;
			children = (
				2C193FB727344FB000C6A079 /* healthkitDisplay.app */,
				2C193FCD27344FB300C6A079 /* healthkitDisplayTests.xctest */,
				2C193FD727344FB300C6A079 /* healthkitDisplayUITests.xctest */,
			);
			name = Products;
			sourceTree = "<group>";
		};
		2C193FB927344FB000C6A079 /* healthkitDisplay */ = {
			isa = PBXGroup;
			children = (
				2C193FEA273451B500C6A079 /* healthkitDisplay.entitlements */,
				2C193FBA27344FB000C6A079 /* AppDelegate.swift */,
				2C193FBC27344FB000C6A079 /* SceneDelegate.swift */,
				2C193FBE27344FB000C6A079 /* ViewController.swift */,
				2C193FC027344FB000C6A079 /* Main.storyboard */,
				2C193FC327344FB300C6A079 /* Assets.xcassets */,
				2C193FC527344FB300C6A079 /* LaunchScreen.storyboard */,
				2C193FC827344FB300C6A079 /* Info.plist */,
			);
			path = healthkitDisplay;
			sourceTree = "<group>";
		};
		2C193FD027344FB300C6A079 /* healthkitDisplayTests */ = {
			isa = PBXGroup;
			children = (
				2C193FD127344FB300C6A079 /* healthkitDisplayTests.swift */,
			);
			path = healthkitDisplayTests;
			sourceTree = "<group>";
		};
		2C193FDA27344FB300C6A079 /* healthkitDisplayUITests */ = {
			isa = PBXGroup;
			children = (
				2C193FDB27344FB300C6A079 /* healthkitDisplayUITests.swift */,
				2C193FDD27344FB300C6A079 /* healthkitDisplayUITestsLaunchTests.swift */,
			);
			path = healthkitDisplayUITests;
			sourceTree = "<group>";
		};
		2C193FEB273451B600C6A079 /* Frameworks */ = {
			isa = PBXGroup;
			children = (
				2C193FEC273451B600C6A079 /* HealthKit.framework */,
			);
			name = Frameworks;
			sourceTree = "<group>";
		};
/* End PBXGroup section */

/* Begin PBXNativeTarget section */
		2C193FB627344FB000C6A079 /* healthkitDisplay */ = {
			isa = PBXNativeTarget;
			buildConfigurationList = 2C193FE127344FB300C6A079 /* Build configuration list for PBXNativeTarget "healthkitDisplay" */;
			buildPhases = (
				2C193FB327344FB000C6A079 /* Sources */,
				2C193FB427344FB000C6A079 /* Frameworks */,
				2C193FB527344FB000C6A079 /* Resources */,
			);
			buildRules = (
			);
			dependencies = (
			);
			name = healthkitDisplay;
			productName = healthkitDisplay;
			productReference = 2C193FB727344FB000C6A079 /* healthkitDisplay.app */;
			productType = "com.apple.product-type.application";
		};
		2C193FCC27344FB300C6A079 /* healthkitDisplayTests */ = {
			isa = PBXNativeTarget;
			buildConfigurationList = 2C193FE427344FB300C6A079 /* Build configuration list for PBXNativeTarget "healthkitDisplayTests" */;
			buildPhases = (
				2C193FC927344FB300C6A079 /* Sources */,
				2C193FCA27344FB300C6A079 /* Frameworks */,
				2C193FCB27344FB300C6A079 /* Resources */,
			);
			buildRules = (
			);
			dependencies = (
				2C193FCF27344FB300C6A079 /* PBXTargetDependency */,
			);
			name = healthkitDisplayTests;
			productName = healthkitDisplayTests;
			productReference = 2C193FCD27344FB300C6A079 /* healthkitDisplayTests.xctest */;
			productType = "com.apple.product-type.bundle.unit-test";
		};
		2C193FD627344FB300C6A079 /* healthkitDisplayUITests */ = {
			isa = PBXNativeTarget;
			buildConfigurationList = 2C193FE727344FB300C6A079 /* Build configuration list for PBXNativeTarget "healthkitDisplayUITests" */;
			buildPhases = (
				2C193FD327344FB300C6A079 /* Sources */,
				2C193FD427344FB300C6A079 /* Frameworks */,
				2C193FD527344FB300C6A079 /* Resources */,
			);
			buildRules = (
			);
			dependencies = (
				2C193FD927344FB300C6A079 /* PBXTargetDependency */,
			);
			name = healthkitDisplayUITests;
			productName = healthkitDisplayUITests;
			productReference = 2C193FD727344FB300C6A079 /* healthkitDisplayUITests.xctest */;
			productType = "com.apple.product-type.bundle.ui-testing";
		};
/* End PBXNativeTarget section */

/* Begin PBXProject section */
		2C193FAF27344FAF00C6A079 /* Project object */ = {
			isa = PBXProject;
			attributes = {
				BuildIndependentTargetsInParallel = 1;
				LastSwiftUpdateCheck = 1300;
				LastUpgradeCheck = 1300;
				TargetAttributes = {
					2C193FB627344FB000C6A079 = {
						CreatedOnToolsVersion = 13.0;
					};
					2C193FCC27344FB300C6A079 = {
						CreatedOnToolsVersion = 13.0;
						TestTargetID = 2C193FB627344FB000C6A079;
					};
					2C193FD627344FB300C6A079 = {
						CreatedOnToolsVersion = 13.0;
						TestTargetID = 2C193FB627344FB000C6A079;
					};
				};
			};
			buildConfigurationList = 2C193FB227344FAF00C6A079 /* Build configuration list for PBXProject "healthkitDisplay" */;
			compatibilityVersion = "Xcode 13.0";
			developmentRegion = en;
			hasScannedForEncodings = 0;
			knownRegions = (
				en,
				Base,
			);
			mainGroup = 2C193FAE27344FAF00C6A079;
			productRefGroup = 2C193FB827344FB000C6A079 /* Products */;
			projectDirPath = "";
			projectRoot = "";
			targets = (
				2C193FB627344FB000C6A079 /* healthkitDisplay */,
				2C193FCC27344FB300C6A079 /* healthkitDisplayTests */,
				2C193FD627344FB300C6A079 /* healthkitDisplayUITests */,
			);
		};
/* End PBXProject section */

/* Begin PBXResourcesBuildPhase section */
		2C193FB527344FB000C6A079 /* Resources */ = {
			isa = PBXResourcesBuildPhase;
			buildActionMask = 2147483647;
			files = (
				2C193FC727344FB300C6A079 /* LaunchScreen.storyboard in Resources */,
				2C193FC427344FB300C6A079 /* Assets.xcassets in Resources */,
				2C193FC227344FB000C6A079 /* Main.storyboard in Resources */,
			);
			runOnlyForDeploymentPostprocessing = 0;
		};
		2C193FCB27344FB300C6A079 /* Resources */ = {
			isa = PBXResourcesBuildPhase;
			buildActionMask = 2147483647;
			files = (
			);
			runOnlyForDeploymentPostprocessing = 0;
		};
		2C193FD527344FB300C6A079 /* Resources */ = {
			isa = PBXResourcesBuildPhase;
			buildActionMask = 2147483647;
			files = (
			);
			runOnlyForDeploymentPostprocessing = 0;
		};
/* End PBXResourcesBuildPhase section */

/* Begin PBXSourcesBuildPhase section */
		2C193FB327344FB000C6A079 /* Sources */ = {
			isa = PBXSourcesBuildPhase;
			buildActionMask = 2147483647;
			files = (
				2C193FBF27344FB000C6A079 /* ViewController.swift in Sources */,
				2C193FBB27344FB000C6A079 /* AppDelegate.swift in Sources */,
				2C193FBD27344FB000C6A079 /* SceneDelegate.swift in Sources */,
			);
			runOnlyForDeploymentPostprocessing = 0;
		};
		2C193FC927344FB300C6A079 /* Sources */ = {
			isa = PBXSourcesBuildPhase;
			buildActionMask = 2147483647;
			files = (
				2C193FD227344FB300C6A079 /* healthkitDisplayTests.swift in Sources */,
			);
			runOnlyForDeploymentPostprocessing = 0;
		};
		2C193FD327344FB300C6A079 /* Sources */ = {
			isa = PBXSourcesBuildPhase;
			buildActionMask = 2147483647;
			files = (
				2C193FDE27344FB300C6A079 /* healthkitDisplayUITestsLaunchTests.swift in Sources */,
				2C193FDC27344FB300C6A079 /* healthkitDisplayUITests.swift in Sources */,
			);
			runOnlyForDeploymentPostprocessing = 0;
		};
/* End PBXSourcesBuildPhase section */

/* Begin PBXTargetDependency section */
		2C193FCF27344FB300C6A079 /* PBXTargetDependency */ = {
			isa = PBXTargetDependency;
			target = 2C193FB627344FB000C6A079 /* healthkitDisplay */;
			targetProxy = 2C193FCE27344FB300C6A079 /* PBXContainerItemProxy */;
		};
		2C193FD927344FB300C6A079 /* PBXTargetDependency */ = {
			isa = PBXTargetDependency;
			target = 2C193FB627344FB000C6A079 /* healthkitDisplay */;
			targetProxy = 2C193FD827344FB300C6A079 /* PBXContainerItemProxy */;
		};
/* End PBXTargetDependency section */

/* Begin PBXVariantGroup section */
		2C193FC027344FB000C6A079 /* Main.storyboard */ = {
			isa = PBXVariantGroup;
			children = (
				2C193FC127344FB000C6A079 /* Base */,
			);
			name = Main.storyboard;
			sourceTree = "<group>";
		};
		2C193FC527344FB300C6A079 /* LaunchScreen.storyboard */ = {
			isa = PBXVariantGroup;
			children = (
				2C193FC627344FB300C6A079 /* Base */,
			);
			name = LaunchScreen.storyboard;
			sourceTree = "<group>";
		};
/* End PBXVariantGroup section */

/* Begin XCBuildConfiguration section */
		2C193FDF27344FB300C6A079 /* Debug */ = {
			isa = XCBuildConfiguration;
			buildSettings = {
				ALWAYS_SEARCH_USER_PATHS = NO;
				CLANG_ANALYZER_NONNULL = YES;
				CLANG_ANALYZER_NUMBER_OBJECT_CONVERSION = YES_AGGRESSIVE;
				CLANG_CXX_LANGUAGE_STANDARD = "gnu++17";
				CLANG_CXX_LIBRARY = "libc++";
				CLANG_ENABLE_MODULES = YES;
				CLANG_ENABLE_OBJC_ARC = YES;
				CLANG_ENABLE_OBJC_WEAK = YES;
				CLANG_WARN_BLOCK_CAPTURE_AUTORELEASING = YES;
				CLANG_WARN_BOOL_CONVERSION = YES;
				CLANG_WARN_COMMA = YES;
				CLANG_WARN_CONSTANT_CONVERSION = YES;
				CLANG_WARN_DEPRECATED_OBJC_IMPLEMENTATIONS = YES;
				CLANG_WARN_DIRECT_OBJC_ISA_USAGE = YES_ERROR;
				CLANG_WARN_DOCUMENTATION_COMMENTS = YES;
				CLANG_WARN_EMPTY_BODY = YES;
				CLANG_WARN_ENUM_CONVERSION = YES;
				CLANG_WARN_INFINITE_RECURSION = YES;
				CLANG_WARN_INT_CONVERSION = YES;
				CLANG_WARN_NON_LITERAL_NULL_CONVERSION = YES;
				CLANG_WARN_OBJC_IMPLICIT_RETAIN_SELF = YES;
				CLANG_WARN_OBJC_LITERAL_CONVERSION = YES;
				CLANG_WARN_OBJC_ROOT_CLASS = YES_ERROR;
				CLANG_WARN_QUOTED_INCLUDE_IN_FRAMEWORK_HEADER = YES;
				CLANG_WARN_RANGE_LOOP_ANALYSIS = YES;
				CLANG_WARN_STRICT_PROTOTYPES = YES;
				CLANG_WARN_SUSPICIOUS_MOVE = YES;
				CLANG_WARN_UNGUARDED_AVAILABILITY = YES_AGGRESSIVE;
				CLANG_WARN_UNREACHABLE_CODE = YES;
				CLANG_WARN__DUPLICATE_METHOD_MATCH = YES;
				COPY_PHASE_STRIP = NO;
				DEBUG_INFORMATION_FORMAT = dwarf;
				ENABLE_STRICT_OBJC_MSGSEND = YES;
				ENABLE_TESTABILITY = YES;
				GCC_C_LANGUAGE_STANDARD = gnu11;
				GCC_DYNAMIC_NO_PIC = NO;
				GCC_NO_COMMON_BLOCKS = YES;
				GCC_OPTIMIZATION_LEVEL = 0;
				GCC_PREPROCESSOR_DEFINITIONS = (
					"DEBUG=1",
					"$(inherited)",
				);
				GCC_WARN_64_TO_32_BIT_CONVERSION = YES;
				GCC_WARN_ABOUT_RETURN_TYPE = YES_ERROR;
				GCC_WARN_UNDECLARED_SELECTOR = YES;
				GCC_WARN_UNINITIALIZED_AUTOS = YES_AGGRESSIVE;
				GCC_WARN_UNUSED_FUNCTION = YES;
				GCC_WARN_UNUSED_VARIABLE = YES;
				IPHONEOS_DEPLOYMENT_TARGET = 15.0;
				MTL_ENABLE_DEBUG_INFO = INCLUDE_SOURCE;
				MTL_FAST_MATH = YES;
				ONLY_ACTIVE_ARCH = YES;
				SDKROOT = iphoneos;
				SWIFT_ACTIVE_COMPILATION_CONDITIONS = DEBUG;
				SWIFT_OPTIMIZATION_LEVEL = "-Onone";
			};
			name = Debug;
		};
		2C193FE027344FB300C6A079 /* Release */ = {
			isa = XCBuildConfiguration;
			buildSettings = {
				ALWAYS_SEARCH_USER_PATHS = NO;
				CLANG_ANALYZER_NONNULL = YES;
				CLANG_ANALYZER_NUMBER_OBJECT_CONVERSION = YES_AGGRESSIVE;
				CLANG_CXX_LANGUAGE_STANDARD = "gnu++17";
				CLANG_CXX_LIBRARY = "libc++";
				CLANG_ENABLE_MODULES = YES;
				CLANG_ENABLE_OBJC_ARC = YES;
				CLANG_ENABLE_OBJC_WEAK = YES;
				CLANG_WARN_BLOCK_CAPTURE_AUTORELEASING = YES;
				CLANG_WARN_BOOL_CONVERSION = YES;
				CLANG_WARN_COMMA = YES;
				CLANG_WARN_CONSTANT_CONVERSION = YES;
				CLANG_WARN_DEPRECATED_OBJC_IMPLEMENTATIONS = YES;
				CLANG_WARN_DIRECT_OBJC_ISA_USAGE = YES_ERROR;
				CLANG_WARN_DOCUMENTATION_COMMENTS = YES;
				CLANG_WARN_EMPTY_BODY = YES;
				CLANG_WARN_ENUM_CONVERSION = YES;
				CLANG_WARN_INFINITE_RECURSION = YES;
				CLANG_WARN_INT_CONVERSION = YES;
				CLANG_WARN_NON_LITERAL_NULL_CONVERSION = YES;
				CLANG_WARN_OBJC_IMPLICIT_RETAIN_SELF = YES;
				CLANG_WARN_OBJC_LITERAL_CONVERSION = YES;
				CLANG_WARN_OBJC_ROOT_CLASS = YES_ERROR;
				CLANG_WARN_QUOTED_INCLUDE_IN_FRAMEWORK_HEADER = YES;
				CLANG_WARN_RANGE_LOOP_ANALYSIS = YES;
				CLANG_WARN_STRICT_PROTOTYPES = YES;
				CLANG_WARN_SUSPICIOUS_MOVE = YES;
				CLANG_WARN_UNGUARDED_AVAILABILITY = YES_AGGRESSIVE;
				CLANG_WARN_UNREACHABLE_CODE = YES;
				CLANG_WARN__DUPLICATE_METHOD_MATCH = YES;
				COPY_PHASE_STRIP = NO;
				DEBUG_INFORMATION_FORMAT = "dwarf-with-dsym";
				ENABLE_NS_ASSERTIONS = NO;
				ENABLE_STRICT_OBJC_MSGSEND = YES;
				GCC_C_LANGUAGE_STANDARD = gnu11;
				GCC_NO_COMMON_BLOCKS = YES;
				GCC_WARN_64_TO_32_BIT_CONVERSION = YES;
				GCC_WARN_ABOUT_RETURN_TYPE = YES_ERROR;
				GCC_WARN_UNDECLARED_SELECTOR = YES;
				GCC_WARN_UNINITIALIZED_AUTOS = YES_AGGRESSIVE;
				GCC_WARN_UNUSED_FUNCTION = YES;
				GCC_WARN_UNUSED_VARIABLE = YES;
				IPHONEOS_DEPLOYMENT_TARGET = 15.0;
				MTL_ENABLE_DEBUG_INFO = NO;
				MTL_FAST_MATH = YES;
				SDKROOT = iphoneos;
				SWIFT_COMPILATION_MODE = wholemodule;
				SWIFT_OPTIMIZATION_LEVEL = "-O";
				VALIDATE_PRODUCT = YES;
			};
			name = Release;
		};
		2C193FE227344FB300C6A079 /* Debug */ = {
			isa = XCBuildConfiguration;
			buildSettings = {
				ASSETCATALOG_COMPILER_APPICON_NAME = AppIcon;
				ASSETCATALOG_COMPILER_GLOBAL_ACCENT_COLOR_NAME = AccentColor;
				CODE_SIGN_ENTITLEMENTS = healthkitDisplay/healthkitDisplay.entitlements;
				CODE_SIGN_STYLE = Automatic;
				CURRENT_PROJECT_VERSION = 1;
				DEVELOPMENT_TEAM = VYY6NT3X7Q;
				GENERATE_INFOPLIST_FILE = YES;
				INFOPLIST_FILE = healthkitDisplay/Info.plist;
				INFOPLIST_KEY_NSHealthShareUsageDescription = "read and display";
				INFOPLIST_KEY_NSHealthUpdateUsageDescription = "write and update";
				INFOPLIST_KEY_UIApplicationSupportsIndirectInputEvents = YES;
				INFOPLIST_KEY_UILaunchStoryboardName = LaunchScreen;
				INFOPLIST_KEY_UIMainStoryboardFile = Main;
				INFOPLIST_KEY_UISupportedInterfaceOrientations_iPad = "UIInterfaceOrientationPortrait UIInterfaceOrientationPortraitUpsideDown UIInterfaceOrientationLandscapeLeft UIInterfaceOrientationLandscapeRight";
				INFOPLIST_KEY_UISupportedInterfaceOrientations_iPhone = "UIInterfaceOrientationPortrait UIInterfaceOrientationLandscapeLeft UIInterfaceOrientationLandscapeRight";
				IPHONEOS_DEPLOYMENT_TARGET = 15.0;
				LD_RUNPATH_SEARCH_PATHS = (
					"$(inherited)",
					"@executable_path/Frameworks",
				);
				MARKETING_VERSION = 1.0;
				PRODUCT_BUNDLE_IDENTIFIER = app.akki.ito.healthkitDisplay;
				PRODUCT_NAME = "$(TARGET_NAME)";
				SWIFT_EMIT_LOC_STRINGS = YES;
				SWIFT_VERSION = 5.0;
				TARGETED_DEVICE_FAMILY = "1,2";
			};
			name = Debug;
		};
		2C193FE327344FB300C6A079 /* Release */ = {
			isa = XCBuildConfiguration;
			buildSettings = {
				ASSETCATALOG_COMPILER_APPICON_NAME = AppIcon;
				ASSETCATALOG_COMPILER_GLOBAL_ACCENT_COLOR_NAME = AccentColor;
				CODE_SIGN_ENTITLEMENTS = healthkitDisplay/healthkitDisplay.entitlements;
				CODE_SIGN_STYLE = Automatic;
				CURRENT_PROJECT_VERSION = 1;
				DEVELOPMENT_TEAM = VYY6NT3X7Q;
				GENERATE_INFOPLIST_FILE = YES;
				INFOPLIST_FILE = healthkitDisplay/Info.plist;
				INFOPLIST_KEY_NSHealthShareUsageDescription = "read and display";
				INFOPLIST_KEY_NSHealthUpdateUsageDescription = "write and update";
				INFOPLIST_KEY_UIApplicationSupportsIndirectInputEvents = YES;
				INFOPLIST_KEY_UILaunchStoryboardName = LaunchScreen;
				INFOPLIST_KEY_UIMainStoryboardFile = Main;
				INFOPLIST_KEY_UISupportedInterfaceOrientations_iPad = "UIInterfaceOrientationPortrait UIInterfaceOrientationPortraitUpsideDown UIInterfaceOrientationLandscapeLeft UIInterfaceOrientationLandscapeRight";
				INFOPLIST_KEY_UISupportedInterfaceOrientations_iPhone = "UIInterfaceOrientationPortrait UIInterfaceOrientationLandscapeLeft UIInterfaceOrientationLandscapeRight";
				IPHONEOS_DEPLOYMENT_TARGET = 15.0;
				LD_RUNPATH_SEARCH_PATHS = (
					"$(inherited)",
					"@executable_path/Frameworks",
				);
				MARKETING_VERSION = 1.0;
				PRODUCT_BUNDLE_IDENTIFIER = app.akki.ito.healthkitDisplay;
				PRODUCT_NAME = "$(TARGET_NAME)";
				SWIFT_EMIT_LOC_STRINGS = YES;
				SWIFT_VERSION = 5.0;
				TARGETED_DEVICE_FAMILY = "1,2";
			};
			name = Release;
		};
		2C193FE527344FB300C6A079 /* Debug */ = {
			isa = XCBuildConfiguration;
			buildSettings = {
				ALWAYS_EMBED_SWIFT_STANDARD_LIBRARIES = YES;
				BUNDLE_LOADER = "$(TEST_HOST)";
				CODE_SIGN_STYLE = Automatic;
				CURRENT_PROJECT_VERSION = 1;
				DEVELOPMENT_TEAM = VYY6NT3X7Q;
				GENERATE_INFOPLIST_FILE = YES;
				IPHONEOS_DEPLOYMENT_TARGET = 15.0;
				LD_RUNPATH_SEARCH_PATHS = (
					"$(inherited)",
					"@executable_path/Frameworks",
					"@loader_path/Frameworks",
				);
				MARKETING_VERSION = 1.0;
				PRODUCT_BUNDLE_IDENTIFIER = app.akki.ito.healthkitDisplayTests;
				PRODUCT_NAME = "$(TARGET_NAME)";
				SWIFT_EMIT_LOC_STRINGS = NO;
				SWIFT_VERSION = 5.0;
				TARGETED_DEVICE_FAMILY = "1,2";
				TEST_HOST = "$(BUILT_PRODUCTS_DIR)/healthkitDisplay.app/healthkitDisplay";
			};
			name = Debug;
		};
		2C193FE627344FB300C6A079 /* Release */ = {
			isa = XCBuildConfiguration;
			buildSettings = {
				ALWAYS_EMBED_SWIFT_STANDARD_LIBRARIES = YES;
				BUNDLE_LOADER = "$(TEST_HOST)";
				CODE_SIGN_STYLE = Automatic;
				CURRENT_PROJECT_VERSION = 1;
				DEVELOPMENT_TEAM = VYY6NT3X7Q;
				GENERATE_INFOPLIST_FILE = YES;
				IPHONEOS_DEPLOYMENT_TARGET = 15.0;
				LD_RUNPATH_SEARCH_PATHS = (
					"$(inherited)",
					"@executable_path/Frameworks",
					"@loader_path/Frameworks",
				);
				MARKETING_VERSION = 1.0;
				PRODUCT_BUNDLE_IDENTIFIER = app.akki.ito.healthkitDisplayTests;
				PRODUCT_NAME = "$(TARGET_NAME)";
				SWIFT_EMIT_LOC_STRINGS = NO;
				SWIFT_VERSION = 5.0;
				TARGETED_DEVICE_FAMILY = "1,2";
				TEST_HOST = "$(BUILT_PRODUCTS_DIR)/healthkitDisplay.app/healthkitDisplay";
			};
			name = Release;
		};
		2C193FE827344FB300C6A079 /* Debug */ = {
			isa = XCBuildConfiguration;
			buildSettings = {
				ALWAYS_EMBED_SWIFT_STANDARD_LIBRARIES = YES;
				CODE_SIGN_STYLE = Automatic;
				CURRENT_PROJECT_VERSION = 1;
				DEVELOPMENT_TEAM = VYY6NT3X7Q;
				GENERATE_INFOPLIST_FILE = YES;
				LD_RUNPATH_SEARCH_PATHS = (
					"$(inherited)",
					"@executable_path/Frameworks",
					"@loader_path/Frameworks",
				);
				MARKETING_VERSION = 1.0;
				PRODUCT_BUNDLE_IDENTIFIER = app.akki.ito.healthkitDisplayUITests;
				PRODUCT_NAME = "$(TARGET_NAME)";
				SWIFT_EMIT_LOC_STRINGS = NO;
				SWIFT_VERSION = 5.0;
				TARGETED_DEVICE_FAMILY = "1,2";
				TEST_TARGET_NAME = healthkitDisplay;
			};
			name = Debug;
		};
		2C193FE927344FB300C6A079 /* Release */ = {
			isa = XCBuildConfiguration;
			buildSettings = {
				ALWAYS_EMBED_SWIFT_STANDARD_LIBRARIES = YES;
				CODE_SIGN_STYLE = Automatic;
				CURRENT_PROJECT_VERSION = 1;
				DEVELOPMENT_TEAM = VYY6NT3X7Q;
				GENERATE_INFOPLIST_FILE = YES;
				LD_RUNPATH_SEARCH_PATHS = (
					"$(inherited)",
					"@executable_path/Frameworks",
					"@loader_path/Frameworks",
				);
				MARKETING_VERSION = 1.0;
				PRODUCT_BUNDLE_IDENTIFIER = app.akki.ito.healthkitDisplayUITests;
				PRODUCT_NAME = "$(TARGET_NAME)";
				SWIFT_EMIT_LOC_STRINGS = NO;
				SWIFT_VERSION = 5.0;
				TARGETED_DEVICE_FAMILY = "1,2";
				TEST_TARGET_NAME = healthkitDisplay;
			};
			name = Release;
		};
/* End XCBuildConfiguration section */

/* Begin XCConfigurationList section */
		2C193FB227344FAF00C6A079 /* Build configuration list for PBXProject "healthkitDisplay" */ = {
			isa = XCConfigurationList;
			buildConfigurations = (
				2C193FDF27344FB300C6A079 /* Debug */,
				2C193FE027344FB300C6A079 /* Release */,
			);
			defaultConfigurationIsVisible = 0;
			defaultConfigurationName = Release;
		};
		2C193FE127344FB300C6A079 /* Build configuration list for PBXNativeTarget "healthkitDisplay" */ = {
			isa = XCConfigurationList;
			buildConfigurations = (
				2C193FE227344FB300C6A079 /* Debug */,
				2C193FE327344FB300C6A079 /* Release */,
			);
			defaultConfigurationIsVisible = 0;
			defaultConfigurationName = Release;
		};
		2C193FE427344FB300C6A079 /* Build configuration list for PBXNativeTarget "healthkitDisplayTests" */ = {
			isa = XCConfigurationList;
			buildConfigurations = (
				2C193FE527344FB300C6A079 /* Debug */,
				2C193FE627344FB300C6A079 /* Release */,
			);
			defaultConfigurationIsVisible = 0;
			defaultConfigurationName = Release;
		};
		2C193FE727344FB300C6A079 /* Build configuration list for PBXNativeTarget "healthkitDisplayUITests" */ = {
			isa = XCConfigurationList;
			buildConfigurations = (
				2C193FE827344FB300C6A079 /* Debug */,
				2C193FE927344FB300C6A079 /* Release */,
			);
			defaultConfigurationIsVisible = 0;
			defaultConfigurationName = Release;
		};
/* End XCConfigurationList section */
	};
	rootObject = 2C193FAF27344FAF00C6A079 /* Project object */;
}
